
Microsoft Visual Studio Solution File, Format Version 12.00
# Visual Studio Version 17
VisualStudioVersion = 17.13.35913.81 d17.13
MinimumVisualStudioVersion = 10.0.40219.1
Project("{FAE04EC0-301F-11D3-BF4B-00C04F79EFBC}") = "mvcCRUD", "mvcCRUD.csproj", "{EF6742CA-3DF5-47DE-8080-8827E5019C04}"
EndProject
Global
	GlobalSection(SolutionConfigurationPlatforms) = preSolution
		Debug|Any CPU = Debug|Any CPU
		Release|Any CPU = Release|Any CPU
	EndGlobalSection
	GlobalSection(ProjectConfigurationPlatforms) = postSolution
		{EF6742CA-3DF5-47DE-8080-8827E5019C04}.Debug|Any CPU.ActiveCfg = Debug|Any CPU
		{EF6742CA-3DF5-47DE-8080-8827E5019C04}.Debug|Any CPU.Build.0 = Debug|Any CPU
		{EF6742CA-3DF5-47DE-8080-8827E5019C04}.Release|Any CPU.ActiveCfg = Release|Any CPU
		{EF6742CA-3DF5-47DE-8080-8827E5019C04}.Release|Any CPU.Build.0 = Release|Any CPU
	EndGlobalSection
	GlobalSection(SolutionProperties) = preSolution
		HideSolutionNode = FALSE
	EndGlobalSection
	GlobalSection(ExtensibilityGlobals) = postSolution
		SolutionGuid = {51EDD904-4419-4C6D-99EA-B1E455F28E5D}
	EndGlobalSection
EndGlobal
